{
    "_readme": [
        "This file locks the dependencies of your project to a known state",
        "Read more about it at https://getcomposer.org/doc/01-basic-usage.md#installing-dependencies",
        "This file is @generated automatically"
    ],
    "content-hash": "67765023c52547b7af4d7032fee831c3",
    "packages": [
        {
            "name": "php-imap/php-imap",
            "version": "4.1.0",
            "source": {
                "type": "git",
                "url": "https://github.com/barbushin/php-imap.git",
                "reference": "7ca3d19451bfe6de47186b52f4b266179a5858b9"
            },
            "dist": {
                "type": "zip",
                "url": "https://api.github.com/repos/barbushin/php-imap/zipball/7ca3d19451bfe6de47186b52f4b266179a5858b9",
                "reference": "7ca3d19451bfe6de47186b52f4b266179a5858b9",
                "shasum": ""
            },
            "require": {
                "ext-fileinfo": "*",
                "ext-iconv": "*",
                "ext-imap": "*",
                "ext-mbstring": "*",
                "php": "^7.2"
            },
            "require-dev": {
                "friendsofphp/php-cs-fixer": "^2.16",
                "jakub-onderka/php-parallel-lint": "^1.0",
                "maglnet/composer-require-checker": "^2.0",
                "paragonie/hidden-string": "^1.0",
                "phpunit/phpunit": "^8.5",
                "povils/phpmnd": "^2.2",
                "psalm/plugin-phpunit": "^0.10.0",
                "roave/security-advisories": "dev-master",
                "sebastian/phpcpd": "^4.1",
                "vimeo/psalm": "^3.11.5"
            },
            "suggest": {
                "ext-fileinfo": "To facilitate IncomingMailAttachment::getFileInfo() auto-detection"
            },
            "type": "library",
            "autoload": {
                "psr-4": {
                    "PhpImap\\": "src/PhpImap"
                }
            },
            "notification-url": "https://packagist.org/downloads/",
            "license": [
                "MIT"
            ],
            "authors": [
                {
                    "name": "Sergey Barbushin",
                    "email": "barbushin@gmail.com",
                    "homepage": "http://linkedin.com/in/barbushin"
                }
            ],
            "description": "Manage mailboxes, filter/get/delete emails in PHP (supports IMAP/POP3/NNTP)",
            "homepage": "https://github.com/barbushin/php-imap",
            "keywords": [
                "imap",
                "mail",
                "mailbox",
                "php",
                "pop3",
                "receive emails"
            ],
            "support": {
                "issues": "https://github.com/barbushin/php-imap/issues",
                "source": "https://github.com/barbushin/php-imap/tree/master"
            },
            "time": "2020-06-14T20:18:24+00:00"
        }
    ],
    "packages-dev": [],
    "aliases": [],
    "minimum-stability": "stable",
    "stability-flags": [],
    "prefer-stable": false,
    "prefer-lowest": false,
    "platform": [],
    "platform-dev": [],
    "plugin-api-version": "2.0.0"
}
